{
  "version": 1,
  "dependencies": {
    "net10.0": {
      "MySqlConnector": {
        "type": "Direct",
        "requested": "[2.6.2, )",
        "resolved": "2.6.2",
        "contentHash": "dlTc/tsBa42szdvpj4nrHvQVUb0gsMwR9HT6J0Zz2OSqfP0CdYlGw+qQPqCpbnO97idfvclSjKYtM6y5QaBQaQ=="
      }
    }
  }
}